
Microsoft Visual Studio Solution File, Format Version 12.00
# Visual Studio Version 17
VisualStudioVersion = 17.0.31903.59
MinimumVisualStudioVersion = 10.0.40219.1
Project("{FAE04EC0-301F-11D3-BF4B-00C04F79EFBC}") = "API", "API\API.csproj", "{5979368D-D257-4E88-A7FC-BE532F6E2020}"
EndProject
Project("{FAE04EC0-301F-11D3-BF4B-00C04F79EFBC}") = "Core", "Core\Core.csproj", "{1EBC5E44-D717-4EF2-9201-FDD760264E3C}"
EndProject
Project("{FAE04EC0-301F-11D3-BF4B-00C04F79EFBC}") = "Infrastructure", "Infrastructure\Infrastructure.csproj", "{C61E04AE-7ED7-48A9-8482-71C201DF5C6C}"
EndProject
Global
	GlobalSection(SolutionConfigurationPlatforms) = preSolution
		Debug|Any CPU = Debug|Any CPU
		Release|Any CPU = Release|Any CPU
	EndGlobalSection
	GlobalSection(SolutionProperties) = preSolution
		HideSolutionNode = FALSE
	EndGlobalSection
	GlobalSection(ProjectConfigurationPlatforms) = postSolution
		{5979368D-D257-4E88-A7FC-BE532F6E2020}.Debug|Any CPU.ActiveCfg = Debug|Any CPU
		{5979368D-D257-4E88-A7FC-BE532F6E2020}.Debug|Any CPU.Build.0 = Debug|Any CPU
		{5979368D-D257-4E88-A7FC-BE532F6E2020}.Release|Any CPU.ActiveCfg = Release|Any CPU
		{5979368D-D257-4E88-A7FC-BE532F6E2020}.Release|Any CPU.Build.0 = Release|Any CPU
		{1EBC5E44-D717-4EF2-9201-FDD760264E3C}.Debug|Any CPU.ActiveCfg = Debug|Any CPU
		{1EBC5E44-D717-4EF2-9201-FDD760264E3C}.Debug|Any CPU.Build.0 = Debug|Any CPU
		{1EBC5E44-D717-4EF2-9201-FDD760264E3C}.Release|Any CPU.ActiveCfg = Release|Any CPU
		{1EBC5E44-D717-4EF2-9201-FDD760264E3C}.Release|Any CPU.Build.0 = Release|Any CPU
		{C61E04AE-7ED7-48A9-8482-71C201DF5C6C}.Debug|Any CPU.ActiveCfg = Debug|Any CPU
		{C61E04AE-7ED7-48A9-8482-71C201DF5C6C}.Debug|Any CPU.Build.0 = Debug|Any CPU
		{C61E04AE-7ED7-48A9-8482-71C201DF5C6C}.Release|Any CPU.ActiveCfg = Release|Any CPU
		{C61E04AE-7ED7-48A9-8482-71C201DF5C6C}.Release|Any CPU.Build.0 = Release|Any CPU
	EndGlobalSection
EndGlobal
